// !$*UTF8*$!
{
	archiveVersion = 1;
	classes = {
	};
	objectVersion = 56;
	objects = {

/* Begin PBXBuildFile section */
		88467645290066AB00FD3223 /* LikeTableViewCell.swift in Sources */ = {isa = PBXBuildFile; fileRef = 88467644290066AB00FD3223 /* LikeTableViewCell.swift */; };
		884676472900823400FD3223 /* FollowCell.swift in Sources */ = {isa = PBXBuildFile; fileRef = 884676462900823400FD3223 /* FollowCell.swift */; };
		88467649290086BC00FD3223 /* UsersNotifications.swift in Sources */ = {isa = PBXBuildFile; fileRef = 88467648290086BC00FD3223 /* UsersNotifications.swift */; };
		8846764B290174DD00FD3223 /* StoriesViewController.swift in Sources */ = {isa = PBXBuildFile; fileRef = 8846764A290174DD00FD3223 /* StoriesViewController.swift */; };
		8846764D2901D18D00FD3223 /* video.MOV in Resources */ = {isa = PBXBuildFile; fileRef = 8846764C2901D18D00FD3223 /* video.MOV */; };
		88571B9C28FD61E0001D081E /* AppDelegate.swift in Sources */ = {isa = PBXBuildFile; fileRef = 88571B9B28FD61E0001D081E /* AppDelegate.swift */; };
		88571B9E28FD61E0001D081E /* SceneDelegate.swift in Sources */ = {isa = PBXBuildFile; fileRef = 88571B9D28FD61E0001D081E /* SceneDelegate.swift */; };
		88571BA028FD61E0001D081E /* HomeViewController.swift in Sources */ = {isa = PBXBuildFile; fileRef = 88571B9F28FD61E0001D081E /* HomeViewController.swift */; };
		88571BA328FD61E0001D081E /* Main.storyboard in Resources */ = {isa = PBXBuildFile; fileRef = 88571BA128FD61E0001D081E /* Main.storyboard */; };
		88571BA528FD61E1001D081E /* Assets.xcassets in Resources */ = {isa = PBXBuildFile; fileRef = 88571BA428FD61E1001D081E /* Assets.xcassets */; };
		88571BA828FD61E1001D081E /* LaunchScreen.storyboard in Resources */ = {isa = PBXBuildFile; fileRef = 88571BA628FD61E1001D081E /* LaunchScreen.storyboard */; };
		88571BB128FD8722001D081E /* HomeTableViewCell.swift in Sources */ = {isa = PBXBuildFile; fileRef = 88571BB028FD8722001D081E /* HomeTableViewCell.swift */; };
		88571BB428FDE4CE001D081E /* SFProText-Regular.ttf in Resources */ = {isa = PBXBuildFile; fileRef = 88571BB328FDE4CE001D081E /* SFProText-Regular.ttf */; };
		88571BB628FDF9A0001D081E /* UsersInProject.swift in Sources */ = {isa = PBXBuildFile; fileRef = 88571BB528FDF9A0001D081E /* UsersInProject.swift */; };
		88571BB828FEB480001D081E /* ReccomendationTableViewCell.swift in Sources */ = {isa = PBXBuildFile; fileRef = 88571BB728FEB480001D081E /* ReccomendationTableViewCell.swift */; };
		88571BBC28FEF9F4001D081E /* ReelsViewController.swift in Sources */ = {isa = PBXBuildFile; fileRef = 88571BBB28FEF9F4001D081E /* ReelsViewController.swift */; };
		88571BC229003253001D081E /* NotificationViewController.swift in Sources */ = {isa = PBXBuildFile; fileRef = 88571BC129003253001D081E /* NotificationViewController.swift */; };
/* End PBXBuildFile section */

/* Begin PBXFileReference section */
		88467644290066AB00FD3223 /* LikeTableViewCell.swift */ = {isa = PBXFileReference; lastKnownFileType = sourcecode.swift; path = LikeTableViewCell.swift; sourceTree = "<group>"; };
		884676462900823400FD3223 /* FollowCell.swift */ = {isa = PBXFileReference; lastKnownFileType = sourcecode.swift; path = FollowCell.swift; sourceTree = "<group>"; };
		88467648290086BC00FD3223 /* UsersNotifications.swift */ = {isa = PBXFileReference; lastKnownFileType = sourcecode.swift; path = UsersNotifications.swift; sourceTree = "<group>"; };
		8846764A290174DD00FD3223 /* StoriesViewController.swift */ = {isa = PBXFileReference; lastKnownFileType = sourcecode.swift; path = StoriesViewController.swift; sourceTree = "<group>"; };
		8846764C2901D18D00FD3223 /* video.MOV */ = {isa = PBXFileReference; lastKnownFileType = video.quicktime; path = video.MOV; sourceTree = "<group>"; };
		88571B9828FD61E0001D081E /* RMInstagram.app */ = {isa = PBXFileReference; explicitFileType = wrapper.application; includeInIndex = 0; path = RMInstagram.app; sourceTree = BUILT_PRODUCTS_DIR; };
		88571B9B28FD61E0001D081E /* AppDelegate.swift */ = {isa = PBXFileReference; lastKnownFileType = sourcecode.swift; path = AppDelegate.swift; sourceTree = "<group>"; };
		88571B9D28FD61E0001D081E /* SceneDelegate.swift */ = {isa = PBXFileReference; lastKnownFileType = sourcecode.swift; path = SceneDelegate.swift; sourceTree = "<group>"; };
		88571B9F28FD61E0001D081E /* HomeViewController.swift */ = {isa = PBXFileReference; lastKnownFileType = sourcecode.swift; path = HomeViewController.swift; sourceTree = "<group>"; };
		88571BA228FD61E0001D081E /* Base */ = {isa = PBXFileReference; lastKnownFileType = file.storyboard; name = Base; path = Base.lproj/Main.storyboard; sourceTree = "<group>"; };
		88571BA428FD61E1001D081E /* Assets.xcassets */ = {isa = PBXFileReference; lastKnownFileType = folder.assetcatalog; path = Assets.xcassets; sourceTree = "<group>"; };
		88571BA728FD61E1001D081E /* Base */ = {isa = PBXFileReference; lastKnownFileType = file.storyboard; name = Base; path = Base.lproj/LaunchScreen.storyboard; sourceTree = "<group>"; };
		88571BA928FD61E1001D081E /* Info.plist */ = {isa = PBXFileReference; lastKnownFileType = text.plist.xml; path = Info.plist; sourceTree = "<group>"; };
		88571BB028FD8722001D081E /* HomeTableViewCell.swift */ = {isa = PBXFileReference; lastKnownFileType = sourcecode.swift; path = HomeTableViewCell.swift; sourceTree = "<group>"; };
		88571BB328FDE4CE001D081E /* SFProText-Regular.ttf */ = {isa = PBXFileReference; lastKnownFileType = file; path = "SFProText-Regular.ttf"; sourceTree = "<group>"; };
		88571BB528FDF9A0001D081E /* UsersInProject.swift */ = {isa = PBXFileReference; lastKnownFileType = sourcecode.swift; path = UsersInProject.swift; sourceTree = "<group>"; };
		88571BB728FEB480001D081E /* ReccomendationTableViewCell.swift */ = {isa = PBXFileReference; lastKnownFileType = sourcecode.swift; path = ReccomendationTableViewCell.swift; sourceTree = "<group>"; };
		88571BBB28FEF9F4001D081E /* ReelsViewController.swift */ = {isa = PBXFileReference; lastKnownFileType = sourcecode.swift; path = ReelsViewController.swift; sourceTree = "<group>"; };
		88571BC129003253001D081E /* NotificationViewController.swift */ = {isa = PBXFileReference; lastKnownFileType = sourcecode.swift; path = NotificationViewController.swift; sourceTree = "<group>"; };
/* End PBXFileReference section */

/* Begin PBXFrameworksBuildPhase section */
		88571B9528FD61E0001D081E /* Frameworks */ = {
			isa = PBXFrameworksBuildPhase;
			buildActionMask = 2147483647;
			files = (
			);
			runOnlyForDeploymentPostprocessing = 0;
		};
/* End PBXFrameworksBuildPhase section */

/* Begin PBXGroup section */
		88571B8F28FD61E0001D081E = {
			isa = PBXGroup;
			children = (
				88571B9A28FD61E0001D081E /* RMInstagram */,
				88571B9928FD61E0001D081E /* Products */,
			);
			sourceTree = "<group>";
		};
		88571B9928FD61E0001D081E /* Products */ = {
			isa = PBXGroup;
			children = (
				88571B9828FD61E0001D081E /* RMInstagram.app */,
			);
			name = Products;
			sourceTree = "<group>";
		};
		88571B9A28FD61E0001D081E /* RMInstagram */ = {
			isa = PBXGroup;
			children = (
				88571B9B28FD61E0001D081E /* AppDelegate.swift */,
				88571B9D28FD61E0001D081E /* SceneDelegate.swift */,
				88571BC028FF4CA4001D081E /* Models */,
				88571BBF28FF4C9A001D081E /* Views */,
				88571BA128FD61E0001D081E /* Main.storyboard */,
				88571BBE28FF4C7F001D081E /* Controllers */,
				88571BA428FD61E1001D081E /* Assets.xcassets */,
				8846764C2901D18D00FD3223 /* video.MOV */,
				88571BA628FD61E1001D081E /* LaunchScreen.storyboard */,
				88571BA928FD61E1001D081E /* Info.plist */,
				88571BB228FDE4A8001D081E /* Fonts */,
			);
			path = RMInstagram;
			sourceTree = "<group>";
		};
		88571BB228FDE4A8001D081E /* Fonts */ = {
			isa = PBXGroup;
			children = (
				88571BB328FDE4CE001D081E /* SFProText-Regular.ttf */,
			);
			path = Fonts;
			sourceTree = "<group>";
		};
		88571BBE28FF4C7F001D081E /* Controllers */ = {
			isa = PBXGroup;
			children = (
				8846764A290174DD00FD3223 /* StoriesViewController.swift */,
				88571B9F28FD61E0001D081E /* HomeViewController.swift */,
				88571BC129003253001D081E /* NotificationViewController.swift */,
				88571BBB28FEF9F4001D081E /* ReelsViewController.swift */,
			);
			path = Controllers;
			sourceTree = "<group>";
		};
		88571BBF28FF4C9A001D081E /* Views */ = {
			isa = PBXGroup;
			children = (
				88571BB728FEB480001D081E /* ReccomendationTableViewCell.swift */,
				88571BB028FD8722001D081E /* HomeTableViewCell.swift */,
				88467644290066AB00FD3223 /* LikeTableViewCell.swift */,
				884676462900823400FD3223 /* FollowCell.swift */,
			);
			path = Views;
			sourceTree = "<group>";
		};
		88571BC028FF4CA4001D081E /* Models */ = {
			isa = PBXGroup;
			children = (
				88571BB528FDF9A0001D081E /* UsersInProject.swift */,
				88467648290086BC00FD3223 /* UsersNotifications.swift */,
			);
			path = Models;
			sourceTree = "<group>";
		};
/* End PBXGroup section */

/* Begin PBXNativeTarget section */
		88571B9728FD61E0001D081E /* RMInstagram */ = {
			isa = PBXNativeTarget;
			buildConfigurationList = 88571BAC28FD61E1001D081E /* Build configuration list for PBXNativeTarget "RMInstagram" */;
			buildPhases = (
				88571BAF28FD6395001D081E /* swiftLint */,
				88571B9428FD61E0001D081E /* Sources */,
				88571B9528FD61E0001D081E /* Frameworks */,
				88571B9628FD61E0001D081E /* Resources */,
			);
			buildRules = (
			);
			dependencies = (
			);
			name = RMInstagram;
			productName = RMInstagram;
			productReference = 88571B9828FD61E0001D081E /* RMInstagram.app */;
			productType = "com.apple.product-type.application";
		};
/* End PBXNativeTarget section */

/* Begin PBXProject section */
		88571B9028FD61E0001D081E /* Project object */ = {
			isa = PBXProject;
			attributes = {
				BuildIndependentTargetsInParallel = 1;
				LastSwiftUpdateCheck = 1400;
				LastUpgradeCheck = 1400;
				TargetAttributes = {
					88571B9728FD61E0001D081E = {
						CreatedOnToolsVersion = 14.0;
					};
				};
			};
			buildConfigurationList = 88571B9328FD61E0001D081E /* Build configuration list for PBXProject "RMInstagram" */;
			compatibilityVersion = "Xcode 14.0";
			developmentRegion = en;
			hasScannedForEncodings = 0;
			knownRegions = (
				en,
				Base,
			);
			mainGroup = 88571B8F28FD61E0001D081E;
			productRefGroup = 88571B9928FD61E0001D081E /* Products */;
			projectDirPath = "";
			projectRoot = "";
			targets = (
				88571B9728FD61E0001D081E /* RMInstagram */,
			);
		};
/* End PBXProject section */

/* Begin PBXResourcesBuildPhase section */
		88571B9628FD61E0001D081E /* Resources */ = {
			isa = PBXResourcesBuildPhase;
			buildActionMask = 2147483647;
			files = (
				88571BA828FD61E1001D081E /* LaunchScreen.storyboard in Resources */,
				8846764D2901D18D00FD3223 /* video.MOV in Resources */,
				88571BA528FD61E1001D081E /* Assets.xcassets in Resources */,
				88571BA328FD61E0001D081E /* Main.storyboard in Resources */,
				88571BB428FDE4CE001D081E /* SFProText-Regular.ttf in Resources */,
			);
			runOnlyForDeploymentPostprocessing = 0;
		};
/* End PBXResourcesBuildPhase section */

/* Begin PBXShellScriptBuildPhase section */
		88571BAF28FD6395001D081E /* swiftLint */ = {
			isa = PBXShellScriptBuildPhase;
			alwaysOutOfDate = 1;
			buildActionMask = 2147483647;
			files = (
			);
			inputFileListPaths = (
			);
			inputPaths = (
			);
			name = swiftLint;
			outputFileListPaths = (
			);
			outputPaths = (
			);
			runOnlyForDeploymentPostprocessing = 0;
			shellPath = /bin/sh;
			shellScript = "export PATH=\"$PATH:/opt/homebrew/bin\"\nif which swiftlint > /dev/null; then\n  swiftlint\nelse\n  echo \"warning: SwiftLint not installed, download from https://github.com/realm/SwiftLint\"\nfi\n";
		};
/* End PBXShellScriptBuildPhase section */

/* Begin PBXSourcesBuildPhase section */
		88571B9428FD61E0001D081E /* Sources */ = {
			isa = PBXSourcesBuildPhase;
			buildActionMask = 2147483647;
			files = (
				88571BA028FD61E0001D081E /* HomeViewController.swift in Sources */,
				88571B9C28FD61E0001D081E /* AppDelegate.swift in Sources */,
				88467649290086BC00FD3223 /* UsersNotifications.swift in Sources */,
				88571BC229003253001D081E /* NotificationViewController.swift in Sources */,
				88467645290066AB00FD3223 /* LikeTableViewCell.swift in Sources */,
				884676472900823400FD3223 /* FollowCell.swift in Sources */,
				8846764B290174DD00FD3223 /* StoriesViewController.swift in Sources */,
				88571BB128FD8722001D081E /* HomeTableViewCell.swift in Sources */,
				88571BB628FDF9A0001D081E /* UsersInProject.swift in Sources */,
				88571BBC28FEF9F4001D081E /* ReelsViewController.swift in Sources */,
				88571BB828FEB480001D081E /* ReccomendationTableViewCell.swift in Sources */,
				88571B9E28FD61E0001D081E /* SceneDelegate.swift in Sources */,
			);
			runOnlyForDeploymentPostprocessing = 0;
		};
/* End PBXSourcesBuildPhase section */

/* Begin PBXVariantGroup section */
		88571BA128FD61E0001D081E /* Main.storyboard */ = {
			isa = PBXVariantGroup;
			children = (
				88571BA228FD61E0001D081E /* Base */,
			);
			name = Main.storyboard;
			sourceTree = "<group>";
		};
		88571BA628FD61E1001D081E /* LaunchScreen.storyboard */ = {
			isa = PBXVariantGroup;
			children = (
				88571BA728FD61E1001D081E /* Base */,
			);
			name = LaunchScreen.storyboard;
			sourceTree = "<group>";
		};
/* End PBXVariantGroup section */

/* Begin XCBuildConfiguration section */
		88571BAA28FD61E1001D081E /* Debug */ = {
			isa = XCBuildConfiguration;
			buildSettings = {
				ALWAYS_SEARCH_USER_PATHS = NO;
				CLANG_ANALYZER_NONNULL = YES;
				CLANG_ANALYZER_NUMBER_OBJECT_CONVERSION = YES_AGGRESSIVE;
				CLANG_CXX_LANGUAGE_STANDARD = "gnu++20";
				CLANG_ENABLE_MODULES = YES;
				CLANG_ENABLE_OBJC_ARC = YES;
				CLANG_ENABLE_OBJC_WEAK = YES;
				CLANG_WARN_BLOCK_CAPTURE_AUTORELEASING = YES;
				CLANG_WARN_BOOL_CONVERSION = YES;
				CLANG_WARN_COMMA = YES;
				CLANG_WARN_CONSTANT_CONVERSION = YES;
				CLANG_WARN_DEPRECATED_OBJC_IMPLEMENTATIONS = YES;
				CLANG_WARN_DIRECT_OBJC_ISA_USAGE = YES_ERROR;
				CLANG_WARN_DOCUMENTATION_COMMENTS = YES;
				CLANG_WARN_EMPTY_BODY = YES;
				CLANG_WARN_ENUM_CONVERSION = YES;
				CLANG_WARN_INFINITE_RECURSION = YES;
				CLANG_WARN_INT_CONVERSION = YES;
				CLANG_WARN_NON_LITERAL_NULL_CONVERSION = YES;
				CLANG_WARN_OBJC_IMPLICIT_RETAIN_SELF = YES;
				CLANG_WARN_OBJC_LITERAL_CONVERSION = YES;
				CLANG_WARN_OBJC_ROOT_CLASS = YES_ERROR;
				CLANG_WARN_QUOTED_INCLUDE_IN_FRAMEWORK_HEADER = YES;
				CLANG_WARN_RANGE_LOOP_ANALYSIS = YES;
				CLANG_WARN_STRICT_PROTOTYPES = YES;
				CLANG_WARN_SUSPICIOUS_MOVE = YES;
				CLANG_WARN_UNGUARDED_AVAILABILITY = YES_AGGRESSIVE;
				CLANG_WARN_UNREACHABLE_CODE = YES;
				CLANG_WARN__DUPLICATE_METHOD_MATCH = YES;
				COPY_PHASE_STRIP = NO;
				DEBUG_INFORMATION_FORMAT = dwarf;
				ENABLE_STRICT_OBJC_MSGSEND = YES;
				ENABLE_TESTABILITY = YES;
				GCC_C_LANGUAGE_STANDARD = gnu11;
				GCC_DYNAMIC_NO_PIC = NO;
				GCC_NO_COMMON_BLOCKS = YES;
				GCC_OPTIMIZATION_LEVEL = 0;
				GCC_PREPROCESSOR_DEFINITIONS = (
					"DEBUG=1",
					"$(inherited)",
				);
				GCC_WARN_64_TO_32_BIT_CONVERSION = YES;
				GCC_WARN_ABOUT_RETURN_TYPE = YES_ERROR;
				GCC_WARN_UNDECLARED_SELECTOR = YES;
				GCC_WARN_UNINITIALIZED_AUTOS = YES_AGGRESSIVE;
				GCC_WARN_UNUSED_FUNCTION = YES;
				GCC_WARN_UNUSED_VARIABLE = YES;
				IPHONEOS_DEPLOYMENT_TARGET = 16.0;
				MTL_ENABLE_DEBUG_INFO = INCLUDE_SOURCE;
				MTL_FAST_MATH = YES;
				ONLY_ACTIVE_ARCH = YES;
				SDKROOT = iphoneos;
				SWIFT_ACTIVE_COMPILATION_CONDITIONS = DEBUG;
				SWIFT_OPTIMIZATION_LEVEL = "-Onone";
			};
			name = Debug;
		};
		88571BAB28FD61E1001D081E /* Release */ = {
			isa = XCBuildConfiguration;
			buildSettings = {
				ALWAYS_SEARCH_USER_PATHS = NO;
				CLANG_ANALYZER_NONNULL = YES;
				CLANG_ANALYZER_NUMBER_OBJECT_CONVERSION = YES_AGGRESSIVE;
				CLANG_CXX_LANGUAGE_STANDARD = "gnu++20";
				CLANG_ENABLE_MODULES = YES;
				CLANG_ENABLE_OBJC_ARC = YES;
				CLANG_ENABLE_OBJC_WEAK = YES;
				CLANG_WARN_BLOCK_CAPTURE_AUTORELEASING = YES;
				CLANG_WARN_BOOL_CONVERSION = YES;
				CLANG_WARN_COMMA = YES;
				CLANG_WARN_CONSTANT_CONVERSION = YES;
				CLANG_WARN_DEPRECATED_OBJC_IMPLEMENTATIONS = YES;
				CLANG_WARN_DIRECT_OBJC_ISA_USAGE = YES_ERROR;
				CLANG_WARN_DOCUMENTATION_COMMENTS = YES;
				CLANG_WARN_EMPTY_BODY = YES;
				CLANG_WARN_ENUM_CONVERSION = YES;
				CLANG_WARN_INFINITE_RECURSION = YES;
				CLANG_WARN_INT_CONVERSION = YES;
				CLANG_WARN_NON_LITERAL_NULL_CONVERSION = YES;
				CLANG_WARN_OBJC_IMPLICIT_RETAIN_SELF = YES;
				CLANG_WARN_OBJC_LITERAL_CONVERSION = YES;
				CLANG_WARN_OBJC_ROOT_CLASS = YES_ERROR;
				CLANG_WARN_QUOTED_INCLUDE_IN_FRAMEWORK_HEADER = YES;
				CLANG_WARN_RANGE_LOOP_ANALYSIS = YES;
				CLANG_WARN_STRICT_PROTOTYPES = YES;
				CLANG_WARN_SUSPICIOUS_MOVE = YES;
				CLANG_WARN_UNGUARDED_AVAILABILITY = YES_AGGRESSIVE;
				CLANG_WARN_UNREACHABLE_CODE = YES;
				CLANG_WARN__DUPLICATE_METHOD_MATCH = YES;
				COPY_PHASE_STRIP = NO;
				DEBUG_INFORMATION_FORMAT = "dwarf-with-dsym";
				ENABLE_NS_ASSERTIONS = NO;
				ENABLE_STRICT_OBJC_MSGSEND = YES;
				GCC_C_LANGUAGE_STANDARD = gnu11;
				GCC_NO_COMMON_BLOCKS = YES;
				GCC_WARN_64_TO_32_BIT_CONVERSION = YES;
				GCC_WARN_ABOUT_RETURN_TYPE = YES_ERROR;
				GCC_WARN_UNDECLARED_SELECTOR = YES;
				GCC_WARN_UNINITIALIZED_AUTOS = YES_AGGRESSIVE;
				GCC_WARN_UNUSED_FUNCTION = YES;
				GCC_WARN_UNUSED_VARIABLE = YES;
				IPHONEOS_DEPLOYMENT_TARGET = 16.0;
				MTL_ENABLE_DEBUG_INFO = NO;
				MTL_FAST_MATH = YES;
				SDKROOT = iphoneos;
				SWIFT_COMPILATION_MODE = wholemodule;
				SWIFT_OPTIMIZATION_LEVEL = "-O";
				VALIDATE_PRODUCT = YES;
			};
			name = Release;
		};
		88571BAD28FD61E1001D081E /* Debug */ = {
			isa = XCBuildConfiguration;
			buildSettings = {
				ASSETCATALOG_COMPILER_APPICON_NAME = AppIcon;
				ASSETCATALOG_COMPILER_GLOBAL_ACCENT_COLOR_NAME = AccentColor;
				CODE_SIGN_STYLE = Automatic;
				CURRENT_PROJECT_VERSION = 1;
				GENERATE_INFOPLIST_FILE = YES;
				INFOPLIST_FILE = RMInstagram/Info.plist;
				INFOPLIST_KEY_UIApplicationSupportsIndirectInputEvents = YES;
				INFOPLIST_KEY_UILaunchStoryboardName = LaunchScreen;
				INFOPLIST_KEY_UIMainStoryboardFile = Main;
				INFOPLIST_KEY_UISupportedInterfaceOrientations_iPad = "UIInterfaceOrientationPortrait UIInterfaceOrientationPortraitUpsideDown UIInterfaceOrientationLandscapeLeft UIInterfaceOrientationLandscapeRight";
				INFOPLIST_KEY_UISupportedInterfaceOrientations_iPhone = "UIInterfaceOrientationPortrait UIInterfaceOrientationLandscapeLeft UIInterfaceOrientationLandscapeRight";
				LD_RUNPATH_SEARCH_PATHS = (
					"$(inherited)",
					"@executable_path/Frameworks",
				);
				MARKETING_VERSION = 1.0;
				PRODUCT_BUNDLE_IDENTIFIER = avagovich.RMInstagram;
				PRODUCT_NAME = "$(TARGET_NAME)";
				SWIFT_EMIT_LOC_STRINGS = YES;
				SWIFT_VERSION = 5.0;
				TARGETED_DEVICE_FAMILY = "1,2";
			};
			name = Debug;
		};
		88571BAE28FD61E1001D081E /* Release */ = {
			isa = XCBuildConfiguration;
			buildSettings = {
				ASSETCATALOG_COMPILER_APPICON_NAME = AppIcon;
				ASSETCATALOG_COMPILER_GLOBAL_ACCENT_COLOR_NAME = AccentColor;
				CODE_SIGN_STYLE = Automatic;
				CURRENT_PROJECT_VERSION = 1;
				GENERATE_INFOPLIST_FILE = YES;
				INFOPLIST_FILE = RMInstagram/Info.plist;
				INFOPLIST_KEY_UIApplicationSupportsIndirectInputEvents = YES;
				INFOPLIST_KEY_UILaunchStoryboardName = LaunchScreen;
				INFOPLIST_KEY_UIMainStoryboardFile = Main;
				INFOPLIST_KEY_UISupportedInterfaceOrientations_iPad = "UIInterfaceOrientationPortrait UIInterfaceOrientationPortraitUpsideDown UIInterfaceOrientationLandscapeLeft UIInterfaceOrientationLandscapeRight";
				INFOPLIST_KEY_UISupportedInterfaceOrientations_iPhone = "UIInterfaceOrientationPortrait UIInterfaceOrientationLandscapeLeft UIInterfaceOrientationLandscapeRight";
				LD_RUNPATH_SEARCH_PATHS = (
					"$(inherited)",
					"@executable_path/Frameworks",
				);
				MARKETING_VERSION = 1.0;
				PRODUCT_BUNDLE_IDENTIFIER = avagovich.RMInstagram;
				PRODUCT_NAME = "$(TARGET_NAME)";
				SWIFT_EMIT_LOC_STRINGS = YES;
				SWIFT_VERSION = 5.0;
				TARGETED_DEVICE_FAMILY = "1,2";
			};
			name = Release;
		};
/* End XCBuildConfiguration section */

/* Begin XCConfigurationList section */
		88571B9328FD61E0001D081E /* Build configuration list for PBXProject "RMInstagram" */ = {
			isa = XCConfigurationList;
			buildConfigurations = (
				88571BAA28FD61E1001D081E /* Debug */,
				88571BAB28FD61E1001D081E /* Release */,
			);
			defaultConfigurationIsVisible = 0;
			defaultConfigurationName = Release;
		};
		88571BAC28FD61E1001D081E /* Build configuration list for PBXNativeTarget "RMInstagram" */ = {
			isa = XCConfigurationList;
			buildConfigurations = (
				88571BAD28FD61E1001D081E /* Debug */,
				88571BAE28FD61E1001D081E /* Release */,
			);
			defaultConfigurationIsVisible = 0;
			defaultConfigurationName = Release;
		};
/* End XCConfigurationList section */
	};
	rootObject = 88571B9028FD61E0001D081E /* Project object */;
}
